// !$*UTF8*$!
{
	archiveVersion = 1;
	classes = {
	};
	objectVersion = 55;
	objects = {

/* Begin PBXBuildFile section */
		0B0F301E631926F001C855DF /* Pods_CleanArchitectureTrainingTests.framework in Frameworks */ = {isa = PBXBuildFile; fileRef = B2BCBE205DF9136EB1624031 /* Pods_CleanArchitectureTrainingTests.framework */; };
		8FFCDAC921FAA27C927A2B0D /* Pods_CleanArchitectureTraining_CleanArchitectureTrainingUITests.framework in Frameworks */ = {isa = PBXBuildFile; fileRef = 664B250471F483DB8B094B01 /* Pods_CleanArchitectureTraining_CleanArchitectureTrainingUITests.framework */; };
		AC6BDFCBF6969681465B2C58 /* Pods_CleanArchitectureTraining.framework in Frameworks */ = {isa = PBXBuildFile; fileRef = D79078B2C23F8826435453AA /* Pods_CleanArchitectureTraining.framework */; };
		D83D000D27C9DBFA008905F3 /* CleanArchitectureTrainingApp.swift in Sources */ = {isa = PBXBuildFile; fileRef = D83D000C27C9DBFA008905F3 /* CleanArchitectureTrainingApp.swift */; };
		D83D000F27C9DBFA008905F3 /* UserProfileView.swift in Sources */ = {isa = PBXBuildFile; fileRef = D83D000E27C9DBFA008905F3 /* UserProfileView.swift */; };
		D83D001127C9DBFB008905F3 /* Assets.xcassets in Resources */ = {isa = PBXBuildFile; fileRef = D83D001027C9DBFB008905F3 /* Assets.xcassets */; };
		D83D001427C9DBFB008905F3 /* Preview Assets.xcassets in Resources */ = {isa = PBXBuildFile; fileRef = D83D001327C9DBFB008905F3 /* Preview Assets.xcassets */; };
		D83D002827C9DBFB008905F3 /* CleanArchitectureTrainingUITests.swift in Sources */ = {isa = PBXBuildFile; fileRef = D83D002727C9DBFB008905F3 /* CleanArchitectureTrainingUITests.swift */; };
		D83D002A27C9DBFB008905F3 /* CleanArchitectureTrainingUITestsLaunchTests.swift in Sources */ = {isa = PBXBuildFile; fileRef = D83D002927C9DBFB008905F3 /* CleanArchitectureTrainingUITestsLaunchTests.swift */; };
		D84C6CCC27C9EEA7004B7F9B /* GoogleService-Info-Release.plist in Resources */ = {isa = PBXBuildFile; fileRef = D84C6CCB27C9EEA7004B7F9B /* GoogleService-Info-Release.plist */; };
		D84C6CCE27C9F13B004B7F9B /* GoogleService-Info-Debug.plist in Resources */ = {isa = PBXBuildFile; fileRef = D84C6CCD27C9F13B004B7F9B /* GoogleService-Info-Debug.plist */; };
		D84C6CD827CA1439004B7F9B /* UserRequestToFirestore.swift in Sources */ = {isa = PBXBuildFile; fileRef = D84C6CD727CA1439004B7F9B /* UserRequestToFirestore.swift */; };
		D84C6CDA27CA178A004B7F9B /* UserDataStore.swift in Sources */ = {isa = PBXBuildFile; fileRef = D84C6CD927CA178A004B7F9B /* UserDataStore.swift */; };
		D84C6CE427CA2FFC004B7F9B /* UserAddInputData.swift in Sources */ = {isa = PBXBuildFile; fileRef = D84C6CE327CA2FFC004B7F9B /* UserAddInputData.swift */; };
		D84C6CE927CA474D004B7F9B /* UserController.swift in Sources */ = {isa = PBXBuildFile; fileRef = D84C6CE827CA474D004B7F9B /* UserController.swift */; };
		D84C6CEF27CA4AD5004B7F9B /* UserRepository.swift in Sources */ = {isa = PBXBuildFile; fileRef = D84C6CEE27CA4AD5004B7F9B /* UserRepository.swift */; };
		D84C6CF127CA4DB6004B7F9B /* UserUseCase.swift in Sources */ = {isa = PBXBuildFile; fileRef = D84C6CF027CA4DB6004B7F9B /* UserUseCase.swift */; };
		D858365927D23DF5003C207E /* RegistrationButtonView.swift in Sources */ = {isa = PBXBuildFile; fileRef = D858365827D23DF5003C207E /* RegistrationButtonView.swift */; };
		D858366227D3632D003C207E /* UserPresenter.swift in Sources */ = {isa = PBXBuildFile; fileRef = D858366127D3632D003C207E /* UserPresenter.swift */; };
		D85946D127D36F9D00ABA72A /* UserViewModel.swift in Sources */ = {isa = PBXBuildFile; fileRef = D85946D027D36F9D00ABA72A /* UserViewModel.swift */; };
		D8A658E227D0781200B238FA /* UserAddInputEntity.swift in Sources */ = {isa = PBXBuildFile; fileRef = D8A658E127D0781200B238FA /* UserAddInputEntity.swift */; };
		D8B0CF6B27CE371C00CD4AA0 /* RepositoryLocator.swift in Sources */ = {isa = PBXBuildFile; fileRef = D8B0CF6A27CE371C00CD4AA0 /* RepositoryLocator.swift */; };
/* End PBXBuildFile section */

/* Begin PBXContainerItemProxy section */
		D83D001A27C9DBFB008905F3 /* PBXContainerItemProxy */ = {
			isa = PBXContainerItemProxy;
			containerPortal = D83D000127C9DBFA008905F3 /* Project object */;
			proxyType = 1;
			remoteGlobalIDString = D83D000827C9DBFA008905F3;
			remoteInfo = CleanArchitectureTraining;
		};
		D83D002427C9DBFB008905F3 /* PBXContainerItemProxy */ = {
			isa = PBXContainerItemProxy;
			containerPortal = D83D000127C9DBFA008905F3 /* Project object */;
			proxyType = 1;
			remoteGlobalIDString = D83D000827C9DBFA008905F3;
			remoteInfo = CleanArchitectureTraining;
		};
/* End PBXContainerItemProxy section */

/* Begin PBXFileReference section */
		664B250471F483DB8B094B01 /* Pods_CleanArchitectureTraining_CleanArchitectureTrainingUITests.framework */ = {isa = PBXFileReference; explicitFileType = wrapper.framework; includeInIndex = 0; path = Pods_CleanArchitectureTraining_CleanArchitectureTrainingUITests.framework; sourceTree = BUILT_PRODUCTS_DIR; };
		908C066C8D0154FA271EBB98 /* Pods-CleanArchitectureTrainingTests.debug.xcconfig */ = {isa = PBXFileReference; includeInIndex = 1; lastKnownFileType = text.xcconfig; name = "Pods-CleanArchitectureTrainingTests.debug.xcconfig"; path = "Target Support Files/Pods-CleanArchitectureTrainingTests/Pods-CleanArchitectureTrainingTests.debug.xcconfig"; sourceTree = "<group>"; };
		B2BCBE205DF9136EB1624031 /* Pods_CleanArchitectureTrainingTests.framework */ = {isa = PBXFileReference; explicitFileType = wrapper.framework; includeInIndex = 0; path = Pods_CleanArchitectureTrainingTests.framework; sourceTree = BUILT_PRODUCTS_DIR; };
		B7086EBD320CD8D77B61ABCA /* Pods-CleanArchitectureTraining-CleanArchitectureTrainingUITests.debug.xcconfig */ = {isa = PBXFileReference; includeInIndex = 1; lastKnownFileType = text.xcconfig; name = "Pods-CleanArchitectureTraining-CleanArchitectureTrainingUITests.debug.xcconfig"; path = "Target Support Files/Pods-CleanArchitectureTraining-CleanArchitectureTrainingUITests/Pods-CleanArchitectureTraining-CleanArchitectureTrainingUITests.debug.xcconfig"; sourceTree = "<group>"; };
		C6139450E143E96D05285EC7 /* Pods-CleanArchitectureTraining.release.xcconfig */ = {isa = PBXFileReference; includeInIndex = 1; lastKnownFileType = text.xcconfig; name = "Pods-CleanArchitectureTraining.release.xcconfig"; path = "Target Support Files/Pods-CleanArchitectureTraining/Pods-CleanArchitectureTraining.release.xcconfig"; sourceTree = "<group>"; };
		C97EAC207453412B7CA6E209 /* Pods-CleanArchitectureTraining.debug.xcconfig */ = {isa = PBXFileReference; includeInIndex = 1; lastKnownFileType = text.xcconfig; name = "Pods-CleanArchitectureTraining.debug.xcconfig"; path = "Target Support Files/Pods-CleanArchitectureTraining/Pods-CleanArchitectureTraining.debug.xcconfig"; sourceTree = "<group>"; };
		D6C745BAB7A032DB776998BF /* Pods-CleanArchitectureTrainingTests.release.xcconfig */ = {isa = PBXFileReference; includeInIndex = 1; lastKnownFileType = text.xcconfig; name = "Pods-CleanArchitectureTrainingTests.release.xcconfig"; path = "Target Support Files/Pods-CleanArchitectureTrainingTests/Pods-CleanArchitectureTrainingTests.release.xcconfig"; sourceTree = "<group>"; };
		D79078B2C23F8826435453AA /* Pods_CleanArchitectureTraining.framework */ = {isa = PBXFileReference; explicitFileType = wrapper.framework; includeInIndex = 0; path = Pods_CleanArchitectureTraining.framework; sourceTree = BUILT_PRODUCTS_DIR; };
		D83D000927C9DBFA008905F3 /* CleanArchitectureTraining.app */ = {isa = PBXFileReference; explicitFileType = wrapper.application; includeInIndex = 0; path = CleanArchitectureTraining.app; sourceTree = BUILT_PRODUCTS_DIR; };
		D83D000C27C9DBFA008905F3 /* CleanArchitectureTrainingApp.swift */ = {isa = PBXFileReference; lastKnownFileType = sourcecode.swift; path = CleanArchitectureTrainingApp.swift; sourceTree = "<group>"; };
		D83D000E27C9DBFA008905F3 /* UserProfileView.swift */ = {isa = PBXFileReference; lastKnownFileType = sourcecode.swift; path = UserProfileView.swift; sourceTree = "<group>"; };
		D83D001027C9DBFB008905F3 /* Assets.xcassets */ = {isa = PBXFileReference; lastKnownFileType = folder.assetcatalog; path = Assets.xcassets; sourceTree = "<group>"; };
		D83D001327C9DBFB008905F3 /* Preview Assets.xcassets */ = {isa = PBXFileReference; lastKnownFileType = folder.assetcatalog; path = "Preview Assets.xcassets"; sourceTree = "<group>"; };
		D83D001927C9DBFB008905F3 /* CleanArchitectureTrainingTests.xctest */ = {isa = PBXFileReference; explicitFileType = wrapper.cfbundle; includeInIndex = 0; path = CleanArchitectureTrainingTests.xctest; sourceTree = BUILT_PRODUCTS_DIR; };
		D83D002327C9DBFB008905F3 /* CleanArchitectureTrainingUITests.xctest */ = {isa = PBXFileReference; explicitFileType = wrapper.cfbundle; includeInIndex = 0; path = CleanArchitectureTrainingUITests.xctest; sourceTree = BUILT_PRODUCTS_DIR; };
		D83D002727C9DBFB008905F3 /* CleanArchitectureTrainingUITests.swift */ = {isa = PBXFileReference; lastKnownFileType = sourcecode.swift; path = CleanArchitectureTrainingUITests.swift; sourceTree = "<group>"; };
		D83D002927C9DBFB008905F3 /* CleanArchitectureTrainingUITestsLaunchTests.swift */ = {isa = PBXFileReference; lastKnownFileType = sourcecode.swift; path = CleanArchitectureTrainingUITestsLaunchTests.swift; sourceTree = "<group>"; };
		D84C6CCB27C9EEA7004B7F9B /* GoogleService-Info-Release.plist */ = {isa = PBXFileReference; fileEncoding = 4; lastKnownFileType = text.plist.xml; path = "GoogleService-Info-Release.plist"; sourceTree = "<group>"; };
		D84C6CCD27C9F13B004B7F9B /* GoogleService-Info-Debug.plist */ = {isa = PBXFileReference; fileEncoding = 4; lastKnownFileType = text.plist.xml; path = "GoogleService-Info-Debug.plist"; sourceTree = "<group>"; };
		D84C6CD727CA1439004B7F9B /* UserRequestToFirestore.swift */ = {isa = PBXFileReference; lastKnownFileType = sourcecode.swift; path = UserRequestToFirestore.swift; sourceTree = "<group>"; };
		D84C6CD927CA178A004B7F9B /* UserDataStore.swift */ = {isa = PBXFileReference; lastKnownFileType = sourcecode.swift; path = UserDataStore.swift; sourceTree = "<group>"; };
		D84C6CE327CA2FFC004B7F9B /* UserAddInputData.swift */ = {isa = PBXFileReference; lastKnownFileType = sourcecode.swift; path = UserAddInputData.swift; sourceTree = "<group>"; };
		D84C6CE827CA474D004B7F9B /* UserController.swift */ = {isa = PBXFileReference; lastKnownFileType = sourcecode.swift; path = UserController.swift; sourceTree = "<group>"; };
		D84C6CEE27CA4AD5004B7F9B /* UserRepository.swift */ = {isa = PBXFileReference; lastKnownFileType = sourcecode.swift; path = UserRepository.swift; sourceTree = "<group>"; };
		D84C6CF027CA4DB6004B7F9B /* UserUseCase.swift */ = {isa = PBXFileReference; lastKnownFileType = sourcecode.swift; path = UserUseCase.swift; sourceTree = "<group>"; };
		D858365827D23DF5003C207E /* RegistrationButtonView.swift */ = {isa = PBXFileReference; lastKnownFileType = sourcecode.swift; path = RegistrationButtonView.swift; sourceTree = "<group>"; };
		D858366127D3632D003C207E /* UserPresenter.swift */ = {isa = PBXFileReference; lastKnownFileType = sourcecode.swift; path = UserPresenter.swift; sourceTree = "<group>"; };
		D85946D027D36F9D00ABA72A /* UserViewModel.swift */ = {isa = PBXFileReference; lastKnownFileType = sourcecode.swift; path = UserViewModel.swift; sourceTree = "<group>"; };
		D8A658E127D0781200B238FA /* UserAddInputEntity.swift */ = {isa = PBXFileReference; lastKnownFileType = sourcecode.swift; path = UserAddInputEntity.swift; sourceTree = "<group>"; };
		D8B0CF6A27CE371C00CD4AA0 /* RepositoryLocator.swift */ = {isa = PBXFileReference; lastKnownFileType = sourcecode.swift; path = RepositoryLocator.swift; sourceTree = "<group>"; };
		E3B9C7AE7B8E86060AA702C6 /* Pods-CleanArchitectureTraining-CleanArchitectureTrainingUITests.release.xcconfig */ = {isa = PBXFileReference; includeInIndex = 1; lastKnownFileType = text.xcconfig; name = "Pods-CleanArchitectureTraining-CleanArchitectureTrainingUITests.release.xcconfig"; path = "Target Support Files/Pods-CleanArchitectureTraining-CleanArchitectureTrainingUITests/Pods-CleanArchitectureTraining-CleanArchitectureTrainingUITests.release.xcconfig"; sourceTree = "<group>"; };
/* End PBXFileReference section */

/* Begin PBXFrameworksBuildPhase section */
		D83D000627C9DBFA008905F3 /* Frameworks */ = {
			isa = PBXFrameworksBuildPhase;
			buildActionMask = 2147483647;
			files = (
				AC6BDFCBF6969681465B2C58 /* Pods_CleanArchitectureTraining.framework in Frameworks */,
			);
			runOnlyForDeploymentPostprocessing = 0;
		};
		D83D001627C9DBFB008905F3 /* Frameworks */ = {
			isa = PBXFrameworksBuildPhase;
			buildActionMask = 2147483647;
			files = (
				0B0F301E631926F001C855DF /* Pods_CleanArchitectureTrainingTests.framework in Frameworks */,
			);
			runOnlyForDeploymentPostprocessing = 0;
		};
		D83D002027C9DBFB008905F3 /* Frameworks */ = {
			isa = PBXFrameworksBuildPhase;
			buildActionMask = 2147483647;
			files = (
				8FFCDAC921FAA27C927A2B0D /* Pods_CleanArchitectureTraining_CleanArchitectureTrainingUITests.framework in Frameworks */,
			);
			runOnlyForDeploymentPostprocessing = 0;
		};
/* End PBXFrameworksBuildPhase section */

/* Begin PBXGroup section */
		3B4F8F2C67D17730B6898565 /* Pods */ = {
			isa = PBXGroup;
			children = (
				C97EAC207453412B7CA6E209 /* Pods-CleanArchitectureTraining.debug.xcconfig */,
				C6139450E143E96D05285EC7 /* Pods-CleanArchitectureTraining.release.xcconfig */,
				B7086EBD320CD8D77B61ABCA /* Pods-CleanArchitectureTraining-CleanArchitectureTrainingUITests.debug.xcconfig */,
				E3B9C7AE7B8E86060AA702C6 /* Pods-CleanArchitectureTraining-CleanArchitectureTrainingUITests.release.xcconfig */,
				908C066C8D0154FA271EBB98 /* Pods-CleanArchitectureTrainingTests.debug.xcconfig */,
				D6C745BAB7A032DB776998BF /* Pods-CleanArchitectureTrainingTests.release.xcconfig */,
			);
			path = Pods;
			sourceTree = "<group>";
		};
		6A24542AA8A989200AE6E57B /* Frameworks */ = {
			isa = PBXGroup;
			children = (
				D79078B2C23F8826435453AA /* Pods_CleanArchitectureTraining.framework */,
				664B250471F483DB8B094B01 /* Pods_CleanArchitectureTraining_CleanArchitectureTrainingUITests.framework */,
				B2BCBE205DF9136EB1624031 /* Pods_CleanArchitectureTrainingTests.framework */,
			);
			name = Frameworks;
			sourceTree = "<group>";
		};
		D83D000027C9DBFA008905F3 = {
			isa = PBXGroup;
			children = (
				D83D000B27C9DBFA008905F3 /* CleanArchitectureTraining */,
				D83D001C27C9DBFB008905F3 /* CleanArchitectureTrainingTests */,
				D83D002627C9DBFB008905F3 /* CleanArchitectureTrainingUITests */,
				D83D000A27C9DBFA008905F3 /* Products */,
				3B4F8F2C67D17730B6898565 /* Pods */,
				6A24542AA8A989200AE6E57B /* Frameworks */,
			);
			sourceTree = "<group>";
		};
		D83D000A27C9DBFA008905F3 /* Products */ = {
			isa = PBXGroup;
			children = (
				D83D000927C9DBFA008905F3 /* CleanArchitectureTraining.app */,
				D83D001927C9DBFB008905F3 /* CleanArchitectureTrainingTests.xctest */,
				D83D002327C9DBFB008905F3 /* CleanArchitectureTrainingUITests.xctest */,
			);
			name = Products;
			sourceTree = "<group>";
		};
		D83D000B27C9DBFA008905F3 /* CleanArchitectureTraining */ = {
			isa = PBXGroup;
			children = (
				D83D000C27C9DBFA008905F3 /* CleanArchitectureTrainingApp.swift */,
				D8B0CF6927CE363D00CD4AA0 /* Application */,
				D84C6CE527CA46B8004B7F9B /* Presentation */,
				D84C6CDB27CA20B0004B7F9B /* Domain */,
				D84C6CD327CA0828004B7F9B /* Data */,
				D84C6CCA27C9EE02004B7F9B /* SupportFiles */,
				D83D001027C9DBFB008905F3 /* Assets.xcassets */,
				D83D001227C9DBFB008905F3 /* Preview Content */,
			);
			path = CleanArchitectureTraining;
			sourceTree = "<group>";
		};
		D83D001227C9DBFB008905F3 /* Preview Content */ = {
			isa = PBXGroup;
			children = (
				D83D001327C9DBFB008905F3 /* Preview Assets.xcassets */,
			);
			path = "Preview Content";
			sourceTree = "<group>";
		};
		D83D001C27C9DBFB008905F3 /* CleanArchitectureTrainingTests */ = {
			isa = PBXGroup;
			children = (
			);
			path = CleanArchitectureTrainingTests;
			sourceTree = "<group>";
		};
		D83D002627C9DBFB008905F3 /* CleanArchitectureTrainingUITests */ = {
			isa = PBXGroup;
			children = (
				D83D002727C9DBFB008905F3 /* CleanArchitectureTrainingUITests.swift */,
				D83D002927C9DBFB008905F3 /* CleanArchitectureTrainingUITestsLaunchTests.swift */,
			);
			path = CleanArchitectureTrainingUITests;
			sourceTree = "<group>";
		};
		D84C6CCA27C9EE02004B7F9B /* SupportFiles */ = {
			isa = PBXGroup;
			children = (
				D84C6CCB27C9EEA7004B7F9B /* GoogleService-Info-Release.plist */,
				D84C6CCD27C9F13B004B7F9B /* GoogleService-Info-Debug.plist */,
			);
			path = SupportFiles;
			sourceTree = "<group>";
		};
		D84C6CD327CA0828004B7F9B /* Data */ = {
			isa = PBXGroup;
			children = (
				D84C6CD527CA0842004B7F9B /* DataStore */,
				D84C6CD427CA0839004B7F9B /* Network */,
				D84C6CD627CA0860004B7F9B /* Entity */,
			);
			path = Data;
			sourceTree = "<group>";
		};
		D84C6CD427CA0839004B7F9B /* Network */ = {
			isa = PBXGroup;
			children = (
				D84C6CD727CA1439004B7F9B /* UserRequestToFirestore.swift */,
			);
			path = Network;
			sourceTree = "<group>";
		};
		D84C6CD527CA0842004B7F9B /* DataStore */ = {
			isa = PBXGroup;
			children = (
				D84C6CD927CA178A004B7F9B /* UserDataStore.swift */,
			);
			path = DataStore;
			sourceTree = "<group>";
		};
		D84C6CD627CA0860004B7F9B /* Entity */ = {
			isa = PBXGroup;
			children = (
				D8A658E127D0781200B238FA /* UserAddInputEntity.swift */,
			);
			path = Entity;
			sourceTree = "<group>";
		};
		D84C6CDB27CA20B0004B7F9B /* Domain */ = {
			isa = PBXGroup;
			children = (
				D84C6CDC27CA2180004B7F9B /* Model */,
				D84C6CDD27CA22A3004B7F9B /* UseCase */,
				D84C6CDE27CA22BA004B7F9B /* Repositry */,
			);
			path = Domain;
			sourceTree = "<group>";
		};
		D84C6CDC27CA2180004B7F9B /* Model */ = {
			isa = PBXGroup;
			children = (
				D84C6CE327CA2FFC004B7F9B /* UserAddInputData.swift */,
			);
			path = Model;
			sourceTree = "<group>";
		};
		D84C6CDD27CA22A3004B7F9B /* UseCase */ = {
			isa = PBXGroup;
			children = (
				D84C6CF027CA4DB6004B7F9B /* UserUseCase.swift */,
			);
			path = UseCase;
			sourceTree = "<group>";
		};
		D84C6CDE27CA22BA004B7F9B /* Repositry */ = {
			isa = PBXGroup;
			children = (
				D84C6CEE27CA4AD5004B7F9B /* UserRepository.swift */,
			);
			path = Repositry;
			sourceTree = "<group>";
		};
		D84C6CE527CA46B8004B7F9B /* Presentation */ = {
			isa = PBXGroup;
			children = (
				D84C6CEA27CA49BD004B7F9B /* UI */,
				D84C6CE627CA46CA004B7F9B /* Controller */,
				D858366027D36300003C207E /* Presenter */,
			);
			path = Presentation;
			sourceTree = "<group>";
		};
		D84C6CE627CA46CA004B7F9B /* Controller */ = {
			isa = PBXGroup;
			children = (
				D84C6CE827CA474D004B7F9B /* UserController.swift */,
			);
			path = Controller;
			sourceTree = "<group>";
		};
		D84C6CEA27CA49BD004B7F9B /* UI */ = {
			isa = PBXGroup;
			children = (
				D84C6CEB27CA49C5004B7F9B /* View */,
				D84C6CEC27CA49CB004B7F9B /* ViewModel */,
			);
			path = UI;
			sourceTree = "<group>";
		};
		D84C6CEB27CA49C5004B7F9B /* View */ = {
			isa = PBXGroup;
			children = (
				D83D000E27C9DBFA008905F3 /* UserProfileView.swift */,
				D858365827D23DF5003C207E /* RegistrationButtonView.swift */,
			);
			path = View;
			sourceTree = "<group>";
		};
		D84C6CEC27CA49CB004B7F9B /* ViewModel */ = {
			isa = PBXGroup;
			children = (
				D85946D027D36F9D00ABA72A /* UserViewModel.swift */,
			);
			path = ViewModel;
			sourceTree = "<group>";
		};
		D858366027D36300003C207E /* Presenter */ = {
			isa = PBXGroup;
			children = (
				D858366127D3632D003C207E /* UserPresenter.swift */,
			);
			path = Presenter;
			sourceTree = "<group>";
		};
		D8B0CF6927CE363D00CD4AA0 /* Application */ = {
			isa = PBXGroup;
			children = (
				D8B0CF6A27CE371C00CD4AA0 /* RepositoryLocator.swift */,
			);
			path = Application;
			sourceTree = "<group>";
		};
/* End PBXGroup section */

/* Begin PBXNativeTarget section */
		D83D000827C9DBFA008905F3 /* CleanArchitectureTraining */ = {
			isa = PBXNativeTarget;
			buildConfigurationList = D83D002D27C9DBFB008905F3 /* Build configuration list for PBXNativeTarget "CleanArchitectureTraining" */;
			buildPhases = (
				3DFB2E15D81741AE17B89F50 /* [CP] Check Pods Manifest.lock */,
				D83D000527C9DBFA008905F3 /* Sources */,
				D83D000627C9DBFA008905F3 /* Frameworks */,
				D83D000727C9DBFA008905F3 /* Resources */,
				B40272375963FFC4AD28292E /* [CP] Embed Pods Frameworks */,
				C30F04672A2F64B1EE673A97 /* [CP] Copy Pods Resources */,
			);
			buildRules = (
			);
			dependencies = (
			);
			name = CleanArchitectureTraining;
			productName = CleanArchitectureTraining;
			productReference = D83D000927C9DBFA008905F3 /* CleanArchitectureTraining.app */;
			productType = "com.apple.product-type.application";
		};
		D83D001827C9DBFB008905F3 /* CleanArchitectureTrainingTests */ = {
			isa = PBXNativeTarget;
			buildConfigurationList = D83D003027C9DBFB008905F3 /* Build configuration list for PBXNativeTarget "CleanArchitectureTrainingTests" */;
			buildPhases = (
				E57DDFE882B52EDF5DBA8096 /* [CP] Check Pods Manifest.lock */,
				D83D001527C9DBFB008905F3 /* Sources */,
				D83D001627C9DBFB008905F3 /* Frameworks */,
				D83D001727C9DBFB008905F3 /* Resources */,
			);
			buildRules = (
			);
			dependencies = (
				D83D001B27C9DBFB008905F3 /* PBXTargetDependency */,
			);
			name = CleanArchitectureTrainingTests;
			productName = CleanArchitectureTrainingTests;
			productReference = D83D001927C9DBFB008905F3 /* CleanArchitectureTrainingTests.xctest */;
			productType = "com.apple.product-type.bundle.unit-test";
		};
		D83D002227C9DBFB008905F3 /* CleanArchitectureTrainingUITests */ = {
			isa = PBXNativeTarget;
			buildConfigurationList = D83D003327C9DBFB008905F3 /* Build configuration list for PBXNativeTarget "CleanArchitectureTrainingUITests" */;
			buildPhases = (
				0EC0395FC488E599568885F9 /* [CP] Check Pods Manifest.lock */,
				D83D001F27C9DBFB008905F3 /* Sources */,
				D83D002027C9DBFB008905F3 /* Frameworks */,
				D83D002127C9DBFB008905F3 /* Resources */,
				D018B1BAD09B90DE4502C079 /* [CP] Embed Pods Frameworks */,
				75EAAC5CA08601C2796B0624 /* [CP] Copy Pods Resources */,
			);
			buildRules = (
			);
			dependencies = (
				D83D002527C9DBFB008905F3 /* PBXTargetDependency */,
			);
			name = CleanArchitectureTrainingUITests;
			productName = CleanArchitectureTrainingUITests;
			productReference = D83D002327C9DBFB008905F3 /* CleanArchitectureTrainingUITests.xctest */;
			productType = "com.apple.product-type.bundle.ui-testing";
		};
/* End PBXNativeTarget section */

/* Begin PBXProject section */
		D83D000127C9DBFA008905F3 /* Project object */ = {
			isa = PBXProject;
			attributes = {
				BuildIndependentTargetsInParallel = 1;
				LastSwiftUpdateCheck = 1320;
				LastUpgradeCheck = 1320;
				TargetAttributes = {
					D83D000827C9DBFA008905F3 = {
						CreatedOnToolsVersion = 13.2.1;
					};
					D83D001827C9DBFB008905F3 = {
						CreatedOnToolsVersion = 13.2.1;
						TestTargetID = D83D000827C9DBFA008905F3;
					};
					D83D002227C9DBFB008905F3 = {
						CreatedOnToolsVersion = 13.2.1;
						TestTargetID = D83D000827C9DBFA008905F3;
					};
				};
			};
			buildConfigurationList = D83D000427C9DBFA008905F3 /* Build configuration list for PBXProject "CleanArchitectureTraining" */;
			compatibilityVersion = "Xcode 13.0";
			developmentRegion = en;
			hasScannedForEncodings = 0;
			knownRegions = (
				en,
				Base,
			);
			mainGroup = D83D000027C9DBFA008905F3;
			productRefGroup = D83D000A27C9DBFA008905F3 /* Products */;
			projectDirPath = "";
			projectRoot = "";
			targets = (
				D83D000827C9DBFA008905F3 /* CleanArchitectureTraining */,
				D83D001827C9DBFB008905F3 /* CleanArchitectureTrainingTests */,
				D83D002227C9DBFB008905F3 /* CleanArchitectureTrainingUITests */,
			);
		};
/* End PBXProject section */

/* Begin PBXResourcesBuildPhase section */
		D83D000727C9DBFA008905F3 /* Resources */ = {
			isa = PBXResourcesBuildPhase;
			buildActionMask = 2147483647;
			files = (
				D83D001427C9DBFB008905F3 /* Preview Assets.xcassets in Resources */,
				D84C6CCC27C9EEA7004B7F9B /* GoogleService-Info-Release.plist in Resources */,
				D83D001127C9DBFB008905F3 /* Assets.xcassets in Resources */,
				D84C6CCE27C9F13B004B7F9B /* GoogleService-Info-Debug.plist in Resources */,
			);
			runOnlyForDeploymentPostprocessing = 0;
		};
		D83D001727C9DBFB008905F3 /* Resources */ = {
			isa = PBXResourcesBuildPhase;
			buildActionMask = 2147483647;
			files = (
			);
			runOnlyForDeploymentPostprocessing = 0;
		};
		D83D002127C9DBFB008905F3 /* Resources */ = {
			isa = PBXResourcesBuildPhase;
			buildActionMask = 2147483647;
			files = (
			);
			runOnlyForDeploymentPostprocessing = 0;
		};
/* End PBXResourcesBuildPhase section */

/* Begin PBXShellScriptBuildPhase section */
		0EC0395FC488E599568885F9 /* [CP] Check Pods Manifest.lock */ = {
			isa = PBXShellScriptBuildPhase;
			buildActionMask = 2147483647;
			files = (
			);
			inputFileListPaths = (
			);
			inputPaths = (
				"${PODS_PODFILE_DIR_PATH}/Podfile.lock",
				"${PODS_ROOT}/Manifest.lock",
			);
			name = "[CP] Check Pods Manifest.lock";
			outputFileListPaths = (
			);
			outputPaths = (
				"$(DERIVED_FILE_DIR)/Pods-CleanArchitectureTraining-CleanArchitectureTrainingUITests-checkManifestLockResult.txt",
			);
			runOnlyForDeploymentPostprocessing = 0;
			shellPath = /bin/sh;
			shellScript = "diff \"${PODS_PODFILE_DIR_PATH}/Podfile.lock\" \"${PODS_ROOT}/Manifest.lock\" > /dev/null\nif [ $? != 0 ] ; then\n    # print error to STDERR\n    echo \"error: The sandbox is not in sync with the Podfile.lock. Run 'pod install' or update your CocoaPods installation.\" >&2\n    exit 1\nfi\n# This output is used by Xcode 'outputs' to avoid re-running this script phase.\necho \"SUCCESS\" > \"${SCRIPT_OUTPUT_FILE_0}\"\n";
			showEnvVarsInLog = 0;
		};
		3DFB2E15D81741AE17B89F50 /* [CP] Check Pods Manifest.lock */ = {
			isa = PBXShellScriptBuildPhase;
			buildActionMask = 2147483647;
			files = (
			);
			inputFileListPaths = (
			);
			inputPaths = (
				"${PODS_PODFILE_DIR_PATH}/Podfile.lock",
				"${PODS_ROOT}/Manifest.lock",
			);
			name = "[CP] Check Pods Manifest.lock";
			outputFileListPaths = (
			);
			outputPaths = (
				"$(DERIVED_FILE_DIR)/Pods-CleanArchitectureTraining-checkManifestLockResult.txt",
			);
			runOnlyForDeploymentPostprocessing = 0;
			shellPath = /bin/sh;
			shellScript = "diff \"${PODS_PODFILE_DIR_PATH}/Podfile.lock\" \"${PODS_ROOT}/Manifest.lock\" > /dev/null\nif [ $? != 0 ] ; then\n    # print error to STDERR\n    echo \"error: The sandbox is not in sync with the Podfile.lock. Run 'pod install' or update your CocoaPods installation.\" >&2\n    exit 1\nfi\n# This output is used by Xcode 'outputs' to avoid re-running this script phase.\necho \"SUCCESS\" > \"${SCRIPT_OUTPUT_FILE_0}\"\n";
			showEnvVarsInLog = 0;
		};
		75EAAC5CA08601C2796B0624 /* [CP] Copy Pods Resources */ = {
			isa = PBXShellScriptBuildPhase;
			buildActionMask = 2147483647;
			files = (
			);
			inputFileListPaths = (
				"${PODS_ROOT}/Target Support Files/Pods-CleanArchitectureTraining-CleanArchitectureTrainingUITests/Pods-CleanArchitectureTraining-CleanArchitectureTrainingUITests-resources-${CONFIGURATION}-input-files.xcfilelist",
			);
			name = "[CP] Copy Pods Resources";
			outputFileListPaths = (
				"${PODS_ROOT}/Target Support Files/Pods-CleanArchitectureTraining-CleanArchitectureTrainingUITests/Pods-CleanArchitectureTraining-CleanArchitectureTrainingUITests-resources-${CONFIGURATION}-output-files.xcfilelist",
			);
			runOnlyForDeploymentPostprocessing = 0;
			shellPath = /bin/sh;
			shellScript = "\"${PODS_ROOT}/Target Support Files/Pods-CleanArchitectureTraining-CleanArchitectureTrainingUITests/Pods-CleanArchitectureTraining-CleanArchitectureTrainingUITests-resources.sh\"\n";
			showEnvVarsInLog = 0;
		};
		B40272375963FFC4AD28292E /* [CP] Embed Pods Frameworks */ = {
			isa = PBXShellScriptBuildPhase;
			buildActionMask = 2147483647;
			files = (
			);
			inputFileListPaths = (
				"${PODS_ROOT}/Target Support Files/Pods-CleanArchitectureTraining/Pods-CleanArchitectureTraining-frameworks-${CONFIGURATION}-input-files.xcfilelist",
			);
			name = "[CP] Embed Pods Frameworks";
			outputFileListPaths = (
				"${PODS_ROOT}/Target Support Files/Pods-CleanArchitectureTraining/Pods-CleanArchitectureTraining-frameworks-${CONFIGURATION}-output-files.xcfilelist",
			);
			runOnlyForDeploymentPostprocessing = 0;
			shellPath = /bin/sh;
			shellScript = "\"${PODS_ROOT}/Target Support Files/Pods-CleanArchitectureTraining/Pods-CleanArchitectureTraining-frameworks.sh\"\n";
			showEnvVarsInLog = 0;
		};
		C30F04672A2F64B1EE673A97 /* [CP] Copy Pods Resources */ = {
			isa = PBXShellScriptBuildPhase;
			buildActionMask = 2147483647;
			files = (
			);
			inputFileListPaths = (
				"${PODS_ROOT}/Target Support Files/Pods-CleanArchitectureTraining/Pods-CleanArchitectureTraining-resources-${CONFIGURATION}-input-files.xcfilelist",
			);
			name = "[CP] Copy Pods Resources";
			outputFileListPaths = (
				"${PODS_ROOT}/Target Support Files/Pods-CleanArchitectureTraining/Pods-CleanArchitectureTraining-resources-${CONFIGURATION}-output-files.xcfilelist",
			);
			runOnlyForDeploymentPostprocessing = 0;
			shellPath = /bin/sh;
			shellScript = "\"${PODS_ROOT}/Target Support Files/Pods-CleanArchitectureTraining/Pods-CleanArchitectureTraining-resources.sh\"\n";
			showEnvVarsInLog = 0;
		};
		D018B1BAD09B90DE4502C079 /* [CP] Embed Pods Frameworks */ = {
			isa = PBXShellScriptBuildPhase;
			buildActionMask = 2147483647;
			files = (
			);
			inputFileListPaths = (
				"${PODS_ROOT}/Target Support Files/Pods-CleanArchitectureTraining-CleanArchitectureTrainingUITests/Pods-CleanArchitectureTraining-CleanArchitectureTrainingUITests-frameworks-${CONFIGURATION}-input-files.xcfilelist",
			);
			name = "[CP] Embed Pods Frameworks";
			outputFileListPaths = (
				"${PODS_ROOT}/Target Support Files/Pods-CleanArchitectureTraining-CleanArchitectureTrainingUITests/Pods-CleanArchitectureTraining-CleanArchitectureTrainingUITests-frameworks-${CONFIGURATION}-output-files.xcfilelist",
			);
			runOnlyForDeploymentPostprocessing = 0;
			shellPath = /bin/sh;
			shellScript = "\"${PODS_ROOT}/Target Support Files/Pods-CleanArchitectureTraining-CleanArchitectureTrainingUITests/Pods-CleanArchitectureTraining-CleanArchitectureTrainingUITests-frameworks.sh\"\n";
			showEnvVarsInLog = 0;
		};
		E57DDFE882B52EDF5DBA8096 /* [CP] Check Pods Manifest.lock */ = {
			isa = PBXShellScriptBuildPhase;
			buildActionMask = 2147483647;
			files = (
			);
			inputFileListPaths = (
			);
			inputPaths = (
				"${PODS_PODFILE_DIR_PATH}/Podfile.lock",
				"${PODS_ROOT}/Manifest.lock",
			);
			name = "[CP] Check Pods Manifest.lock";
			outputFileListPaths = (
			);
			outputPaths = (
				"$(DERIVED_FILE_DIR)/Pods-CleanArchitectureTrainingTests-checkManifestLockResult.txt",
			);
			runOnlyForDeploymentPostprocessing = 0;
			shellPath = /bin/sh;
			shellScript = "diff \"${PODS_PODFILE_DIR_PATH}/Podfile.lock\" \"${PODS_ROOT}/Manifest.lock\" > /dev/null\nif [ $? != 0 ] ; then\n    # print error to STDERR\n    echo \"error: The sandbox is not in sync with the Podfile.lock. Run 'pod install' or update your CocoaPods installation.\" >&2\n    exit 1\nfi\n# This output is used by Xcode 'outputs' to avoid re-running this script phase.\necho \"SUCCESS\" > \"${SCRIPT_OUTPUT_FILE_0}\"\n";
			showEnvVarsInLog = 0;
		};
/* End PBXShellScriptBuildPhase section */

/* Begin PBXSourcesBuildPhase section */
		D83D000527C9DBFA008905F3 /* Sources */ = {
			isa = PBXSourcesBuildPhase;
			buildActionMask = 2147483647;
			files = (
				D84C6CDA27CA178A004B7F9B /* UserDataStore.swift in Sources */,
				D84C6CD827CA1439004B7F9B /* UserRequestToFirestore.swift in Sources */,
				D84C6CE927CA474D004B7F9B /* UserController.swift in Sources */,
				D84C6CEF27CA4AD5004B7F9B /* UserRepository.swift in Sources */,
				D84C6CF127CA4DB6004B7F9B /* UserUseCase.swift in Sources */,
				D84C6CE427CA2FFC004B7F9B /* UserAddInputData.swift in Sources */,
				D8A658E227D0781200B238FA /* UserAddInputEntity.swift in Sources */,
				D858365927D23DF5003C207E /* RegistrationButtonView.swift in Sources */,
				D83D000F27C9DBFA008905F3 /* UserProfileView.swift in Sources */,
				D85946D127D36F9D00ABA72A /* UserViewModel.swift in Sources */,
				D858366227D3632D003C207E /* UserPresenter.swift in Sources */,
				D83D000D27C9DBFA008905F3 /* CleanArchitectureTrainingApp.swift in Sources */,
				D8B0CF6B27CE371C00CD4AA0 /* RepositoryLocator.swift in Sources */,
			);
			runOnlyForDeploymentPostprocessing = 0;
		};
		D83D001527C9DBFB008905F3 /* Sources */ = {
			isa = PBXSourcesBuildPhase;
			buildActionMask = 2147483647;
			files = (
			);
			runOnlyForDeploymentPostprocessing = 0;
		};
		D83D001F27C9DBFB008905F3 /* Sources */ = {
			isa = PBXSourcesBuildPhase;
			buildActionMask = 2147483647;
			files = (
				D83D002827C9DBFB008905F3 /* CleanArchitectureTrainingUITests.swift in Sources */,
				D83D002A27C9DBFB008905F3 /* CleanArchitectureTrainingUITestsLaunchTests.swift in Sources */,
			);
			runOnlyForDeploymentPostprocessing = 0;
		};
/* End PBXSourcesBuildPhase section */

/* Begin PBXTargetDependency section */
		D83D001B27C9DBFB008905F3 /* PBXTargetDependency */ = {
			isa = PBXTargetDependency;
			target = D83D000827C9DBFA008905F3 /* CleanArchitectureTraining */;
			targetProxy = D83D001A27C9DBFB008905F3 /* PBXContainerItemProxy */;
		};
		D83D002527C9DBFB008905F3 /* PBXTargetDependency */ = {
			isa = PBXTargetDependency;
			target = D83D000827C9DBFA008905F3 /* CleanArchitectureTraining */;
			targetProxy = D83D002427C9DBFB008905F3 /* PBXContainerItemProxy */;
		};
/* End PBXTargetDependency section */

/* Begin XCBuildConfiguration section */
		D83D002B27C9DBFB008905F3 /* Debug */ = {
			isa = XCBuildConfiguration;
			buildSettings = {
				ALWAYS_SEARCH_USER_PATHS = NO;
				CLANG_ANALYZER_NONNULL = YES;
				CLANG_ANALYZER_NUMBER_OBJECT_CONVERSION = YES_AGGRESSIVE;
				CLANG_CXX_LANGUAGE_STANDARD = "gnu++17";
				CLANG_CXX_LIBRARY = "libc++";
				CLANG_ENABLE_MODULES = YES;
				CLANG_ENABLE_OBJC_ARC = YES;
				CLANG_ENABLE_OBJC_WEAK = YES;
				CLANG_WARN_BLOCK_CAPTURE_AUTORELEASING = YES;
				CLANG_WARN_BOOL_CONVERSION = YES;
				CLANG_WARN_COMMA = YES;
				CLANG_WARN_CONSTANT_CONVERSION = YES;
				CLANG_WARN_DEPRECATED_OBJC_IMPLEMENTATIONS = YES;
				CLANG_WARN_DIRECT_OBJC_ISA_USAGE = YES_ERROR;
				CLANG_WARN_DOCUMENTATION_COMMENTS = YES;
				CLANG_WARN_EMPTY_BODY = YES;
				CLANG_WARN_ENUM_CONVERSION = YES;
				CLANG_WARN_INFINITE_RECURSION = YES;
				CLANG_WARN_INT_CONVERSION = YES;
				CLANG_WARN_NON_LITERAL_NULL_CONVERSION = YES;
				CLANG_WARN_OBJC_IMPLICIT_RETAIN_SELF = YES;
				CLANG_WARN_OBJC_LITERAL_CONVERSION = YES;
				CLANG_WARN_OBJC_ROOT_CLASS = YES_ERROR;
				CLANG_WARN_QUOTED_INCLUDE_IN_FRAMEWORK_HEADER = YES;
				CLANG_WARN_RANGE_LOOP_ANALYSIS = YES;
				CLANG_WARN_STRICT_PROTOTYPES = YES;
				CLANG_WARN_SUSPICIOUS_MOVE = YES;
				CLANG_WARN_UNGUARDED_AVAILABILITY = YES_AGGRESSIVE;
				CLANG_WARN_UNREACHABLE_CODE = YES;
				CLANG_WARN__DUPLICATE_METHOD_MATCH = YES;
				COPY_PHASE_STRIP = NO;
				DEBUG_INFORMATION_FORMAT = dwarf;
				ENABLE_STRICT_OBJC_MSGSEND = YES;
				ENABLE_TESTABILITY = YES;
				GCC_C_LANGUAGE_STANDARD = gnu11;
				GCC_DYNAMIC_NO_PIC = NO;
				GCC_NO_COMMON_BLOCKS = YES;
				GCC_OPTIMIZATION_LEVEL = 0;
				GCC_PREPROCESSOR_DEFINITIONS = (
					"DEBUG=1",
					"$(inherited)",
				);
				GCC_WARN_64_TO_32_BIT_CONVERSION = YES;
				GCC_WARN_ABOUT_RETURN_TYPE = YES_ERROR;
				GCC_WARN_UNDECLARED_SELECTOR = YES;
				GCC_WARN_UNINITIALIZED_AUTOS = YES_AGGRESSIVE;
				GCC_WARN_UNUSED_FUNCTION = YES;
				GCC_WARN_UNUSED_VARIABLE = YES;
				IPHONEOS_DEPLOYMENT_TARGET = 15.2;
				MTL_ENABLE_DEBUG_INFO = INCLUDE_SOURCE;
				MTL_FAST_MATH = YES;
				ONLY_ACTIVE_ARCH = YES;
				SDKROOT = iphoneos;
				SWIFT_ACTIVE_COMPILATION_CONDITIONS = DEBUG;
				SWIFT_OPTIMIZATION_LEVEL = "-Onone";
			};
			name = Debug;
		};
		D83D002C27C9DBFB008905F3 /* Release */ = {
			isa = XCBuildConfiguration;
			buildSettings = {
				ALWAYS_SEARCH_USER_PATHS = NO;
				CLANG_ANALYZER_NONNULL = YES;
				CLANG_ANALYZER_NUMBER_OBJECT_CONVERSION = YES_AGGRESSIVE;
				CLANG_CXX_LANGUAGE_STANDARD = "gnu++17";
				CLANG_CXX_LIBRARY = "libc++";
				CLANG_ENABLE_MODULES = YES;
				CLANG_ENABLE_OBJC_ARC = YES;
				CLANG_ENABLE_OBJC_WEAK = YES;
				CLANG_WARN_BLOCK_CAPTURE_AUTORELEASING = YES;
				CLANG_WARN_BOOL_CONVERSION = YES;
				CLANG_WARN_COMMA = YES;
				CLANG_WARN_CONSTANT_CONVERSION = YES;
				CLANG_WARN_DEPRECATED_OBJC_IMPLEMENTATIONS = YES;
				CLANG_WARN_DIRECT_OBJC_ISA_USAGE = YES_ERROR;
				CLANG_WARN_DOCUMENTATION_COMMENTS = YES;
				CLANG_WARN_EMPTY_BODY = YES;
				CLANG_WARN_ENUM_CONVERSION = YES;
				CLANG_WARN_INFINITE_RECURSION = YES;
				CLANG_WARN_INT_CONVERSION = YES;
				CLANG_WARN_NON_LITERAL_NULL_CONVERSION = YES;
				CLANG_WARN_OBJC_IMPLICIT_RETAIN_SELF = YES;
				CLANG_WARN_OBJC_LITERAL_CONVERSION = YES;
				CLANG_WARN_OBJC_ROOT_CLASS = YES_ERROR;
				CLANG_WARN_QUOTED_INCLUDE_IN_FRAMEWORK_HEADER = YES;
				CLANG_WARN_RANGE_LOOP_ANALYSIS = YES;
				CLANG_WARN_STRICT_PROTOTYPES = YES;
				CLANG_WARN_SUSPICIOUS_MOVE = YES;
				CLANG_WARN_UNGUARDED_AVAILABILITY = YES_AGGRESSIVE;
				CLANG_WARN_UNREACHABLE_CODE = YES;
				CLANG_WARN__DUPLICATE_METHOD_MATCH = YES;
				COPY_PHASE_STRIP = NO;
				DEBUG_INFORMATION_FORMAT = "dwarf-with-dsym";
				ENABLE_NS_ASSERTIONS = NO;
				ENABLE_STRICT_OBJC_MSGSEND = YES;
				GCC_C_LANGUAGE_STANDARD = gnu11;
				GCC_NO_COMMON_BLOCKS = YES;
				GCC_WARN_64_TO_32_BIT_CONVERSION = YES;
				GCC_WARN_ABOUT_RETURN_TYPE = YES_ERROR;
				GCC_WARN_UNDECLARED_SELECTOR = YES;
				GCC_WARN_UNINITIALIZED_AUTOS = YES_AGGRESSIVE;
				GCC_WARN_UNUSED_FUNCTION = YES;
				GCC_WARN_UNUSED_VARIABLE = YES;
				IPHONEOS_DEPLOYMENT_TARGET = 15.2;
				MTL_ENABLE_DEBUG_INFO = NO;
				MTL_FAST_MATH = YES;
				SDKROOT = iphoneos;
				SWIFT_COMPILATION_MODE = wholemodule;
				SWIFT_OPTIMIZATION_LEVEL = "-O";
				VALIDATE_PRODUCT = YES;
			};
			name = Release;
		};
		D83D002E27C9DBFB008905F3 /* Debug */ = {
			isa = XCBuildConfiguration;
			baseConfigurationReference = C97EAC207453412B7CA6E209 /* Pods-CleanArchitectureTraining.debug.xcconfig */;
			buildSettings = {
				ASSETCATALOG_COMPILER_APPICON_NAME = AppIcon;
				ASSETCATALOG_COMPILER_GLOBAL_ACCENT_COLOR_NAME = AccentColor;
				CODE_SIGN_STYLE = Automatic;
				CURRENT_PROJECT_VERSION = 1;
				DEVELOPMENT_ASSET_PATHS = "\"CleanArchitectureTraining/Preview Content\"";
				DEVELOPMENT_TEAM = ZXZ96723Y7;
				ENABLE_PREVIEWS = YES;
				GENERATE_INFOPLIST_FILE = YES;
				INFOPLIST_KEY_UIApplicationSceneManifest_Generation = YES;
				INFOPLIST_KEY_UIApplicationSupportsIndirectInputEvents = YES;
				INFOPLIST_KEY_UILaunchScreen_Generation = YES;
				INFOPLIST_KEY_UISupportedInterfaceOrientations_iPad = "UIInterfaceOrientationPortrait UIInterfaceOrientationPortraitUpsideDown UIInterfaceOrientationLandscapeLeft UIInterfaceOrientationLandscapeRight";
				INFOPLIST_KEY_UISupportedInterfaceOrientations_iPhone = "UIInterfaceOrientationPortrait UIInterfaceOrientationLandscapeLeft UIInterfaceOrientationLandscapeRight";
				LD_RUNPATH_SEARCH_PATHS = (
					"$(inherited)",
					"@executable_path/Frameworks",
				);
				MARKETING_VERSION = 1.0;
				PRODUCT_BUNDLE_IDENTIFIER = com.ken.CleanArchitectureTraining;
				PRODUCT_NAME = "$(TARGET_NAME)";
				SWIFT_EMIT_LOC_STRINGS = YES;
				SWIFT_VERSION = 5.0;
				TARGETED_DEVICE_FAMILY = "1,2";
			};
			name = Debug;
		};
		D83D002F27C9DBFB008905F3 /* Release */ = {
			isa = XCBuildConfiguration;
			baseConfigurationReference = C6139450E143E96D05285EC7 /* Pods-CleanArchitectureTraining.release.xcconfig */;
			buildSettings = {
				ASSETCATALOG_COMPILER_APPICON_NAME = AppIcon;
				ASSETCATALOG_COMPILER_GLOBAL_ACCENT_COLOR_NAME = AccentColor;
				CODE_SIGN_STYLE = Automatic;
				CURRENT_PROJECT_VERSION = 1;
				DEVELOPMENT_ASSET_PATHS = "\"CleanArchitectureTraining/Preview Content\"";
				DEVELOPMENT_TEAM = ZXZ96723Y7;
				ENABLE_PREVIEWS = YES;
				GENERATE_INFOPLIST_FILE = YES;
				INFOPLIST_KEY_UIApplicationSceneManifest_Generation = YES;
				INFOPLIST_KEY_UIApplicationSupportsIndirectInputEvents = YES;
				INFOPLIST_KEY_UILaunchScreen_Generation = YES;
				INFOPLIST_KEY_UISupportedInterfaceOrientations_iPad = "UIInterfaceOrientationPortrait UIInterfaceOrientationPortraitUpsideDown UIInterfaceOrientationLandscapeLeft UIInterfaceOrientationLandscapeRight";
				INFOPLIST_KEY_UISupportedInterfaceOrientations_iPhone = "UIInterfaceOrientationPortrait UIInterfaceOrientationLandscapeLeft UIInterfaceOrientationLandscapeRight";
				LD_RUNPATH_SEARCH_PATHS = (
					"$(inherited)",
					"@executable_path/Frameworks",
				);
				MARKETING_VERSION = 1.0;
				PRODUCT_BUNDLE_IDENTIFIER = com.ken.CleanArchitectureTraining;
				PRODUCT_NAME = "$(TARGET_NAME)";
				SWIFT_EMIT_LOC_STRINGS = YES;
				SWIFT_VERSION = 5.0;
				TARGETED_DEVICE_FAMILY = "1,2";
			};
			name = Release;
		};
		D83D003127C9DBFB008905F3 /* Debug */ = {
			isa = XCBuildConfiguration;
			baseConfigurationReference = 908C066C8D0154FA271EBB98 /* Pods-CleanArchitectureTrainingTests.debug.xcconfig */;
			buildSettings = {
				ALWAYS_EMBED_SWIFT_STANDARD_LIBRARIES = YES;
				BUNDLE_LOADER = "$(TEST_HOST)";
				CODE_SIGN_STYLE = Automatic;
				CURRENT_PROJECT_VERSION = 1;
				DEVELOPMENT_TEAM = ZXZ96723Y7;
				GENERATE_INFOPLIST_FILE = YES;
				IPHONEOS_DEPLOYMENT_TARGET = 15.2;
				MARKETING_VERSION = 1.0;
				PRODUCT_BUNDLE_IDENTIFIER = com.ken.CleanArchitectureTrainingTests;
				PRODUCT_NAME = "$(TARGET_NAME)";
				SWIFT_EMIT_LOC_STRINGS = NO;
				SWIFT_VERSION = 5.0;
				TARGETED_DEVICE_FAMILY = "1,2";
				TEST_HOST = "$(BUILT_PRODUCTS_DIR)/CleanArchitectureTraining.app/CleanArchitectureTraining";
			};
			name = Debug;
		};
		D83D003227C9DBFB008905F3 /* Release */ = {
			isa = XCBuildConfiguration;
			baseConfigurationReference = D6C745BAB7A032DB776998BF /* Pods-CleanArchitectureTrainingTests.release.xcconfig */;
			buildSettings = {
				ALWAYS_EMBED_SWIFT_STANDARD_LIBRARIES = YES;
				BUNDLE_LOADER = "$(TEST_HOST)";
				CODE_SIGN_STYLE = Automatic;
				CURRENT_PROJECT_VERSION = 1;
				DEVELOPMENT_TEAM = ZXZ96723Y7;
				GENERATE_INFOPLIST_FILE = YES;
				IPHONEOS_DEPLOYMENT_TARGET = 15.2;
				MARKETING_VERSION = 1.0;
				PRODUCT_BUNDLE_IDENTIFIER = com.ken.CleanArchitectureTrainingTests;
				PRODUCT_NAME = "$(TARGET_NAME)";
				SWIFT_EMIT_LOC_STRINGS = NO;
				SWIFT_VERSION = 5.0;
				TARGETED_DEVICE_FAMILY = "1,2";
				TEST_HOST = "$(BUILT_PRODUCTS_DIR)/CleanArchitectureTraining.app/CleanArchitectureTraining";
			};
			name = Release;
		};
		D83D003427C9DBFB008905F3 /* Debug */ = {
			isa = XCBuildConfiguration;
			baseConfigurationReference = B7086EBD320CD8D77B61ABCA /* Pods-CleanArchitectureTraining-CleanArchitectureTrainingUITests.debug.xcconfig */;
			buildSettings = {
				ALWAYS_EMBED_SWIFT_STANDARD_LIBRARIES = YES;
				CODE_SIGN_STYLE = Automatic;
				CURRENT_PROJECT_VERSION = 1;
				DEVELOPMENT_TEAM = ZXZ96723Y7;
				GENERATE_INFOPLIST_FILE = YES;
				MARKETING_VERSION = 1.0;
				PRODUCT_BUNDLE_IDENTIFIER = com.ken.CleanArchitectureTrainingUITests;
				PRODUCT_NAME = "$(TARGET_NAME)";
				SWIFT_EMIT_LOC_STRINGS = NO;
				SWIFT_VERSION = 5.0;
				TARGETED_DEVICE_FAMILY = "1,2";
				TEST_TARGET_NAME = CleanArchitectureTraining;
			};
			name = Debug;
		};
		D83D003527C9DBFB008905F3 /* Release */ = {
			isa = XCBuildConfiguration;
			baseConfigurationReference = E3B9C7AE7B8E86060AA702C6 /* Pods-CleanArchitectureTraining-CleanArchitectureTrainingUITests.release.xcconfig */;
			buildSettings = {
				ALWAYS_EMBED_SWIFT_STANDARD_LIBRARIES = YES;
				CODE_SIGN_STYLE = Automatic;
				CURRENT_PROJECT_VERSION = 1;
				DEVELOPMENT_TEAM = ZXZ96723Y7;
				GENERATE_INFOPLIST_FILE = YES;
				MARKETING_VERSION = 1.0;
				PRODUCT_BUNDLE_IDENTIFIER = com.ken.CleanArchitectureTrainingUITests;
				PRODUCT_NAME = "$(TARGET_NAME)";
				SWIFT_EMIT_LOC_STRINGS = NO;
				SWIFT_VERSION = 5.0;
				TARGETED_DEVICE_FAMILY = "1,2";
				TEST_TARGET_NAME = CleanArchitectureTraining;
			};
			name = Release;
		};
/* End XCBuildConfiguration section */

/* Begin XCConfigurationList section */
		D83D000427C9DBFA008905F3 /* Build configuration list for PBXProject "CleanArchitectureTraining" */ = {
			isa = XCConfigurationList;
			buildConfigurations = (
				D83D002B27C9DBFB008905F3 /* Debug */,
				D83D002C27C9DBFB008905F3 /* Release */,
			);
			defaultConfigurationIsVisible = 0;
			defaultConfigurationName = Release;
		};
		D83D002D27C9DBFB008905F3 /* Build configuration list for PBXNativeTarget "CleanArchitectureTraining" */ = {
			isa = XCConfigurationList;
			buildConfigurations = (
				D83D002E27C9DBFB008905F3 /* Debug */,
				D83D002F27C9DBFB008905F3 /* Release */,
			);
			defaultConfigurationIsVisible = 0;
			defaultConfigurationName = Release;
		};
		D83D003027C9DBFB008905F3 /* Build configuration list for PBXNativeTarget "CleanArchitectureTrainingTests" */ = {
			isa = XCConfigurationList;
			buildConfigurations = (
				D83D003127C9DBFB008905F3 /* Debug */,
				D83D003227C9DBFB008905F3 /* Release */,
			);
			defaultConfigurationIsVisible = 0;
			defaultConfigurationName = Release;
		};
		D83D003327C9DBFB008905F3 /* Build configuration list for PBXNativeTarget "CleanArchitectureTrainingUITests" */ = {
			isa = XCConfigurationList;
			buildConfigurations = (
				D83D003427C9DBFB008905F3 /* Debug */,
				D83D003527C9DBFB008905F3 /* Release */,
			);
			defaultConfigurationIsVisible = 0;
			defaultConfigurationName = Release;
		};
/* End XCConfigurationList section */
	};
	rootObject = D83D000127C9DBFA008905F3 /* Project object */;
}
